{
  "version": "4",
  "specifiers": {
    "jsr:@luca/flag@*": "1.0.1",
    "jsr:@std/bytes@^1.0.4": "1.0.4",
    "jsr:@std/bytes@^1.0.5": "1.0.5",
    "jsr:@std/cbor@*": "0.1.6",
    "jsr:@std/encoding@*": "1.0.7",
    "jsr:@std/streams@*": "1.0.9",
    "jsr:@std/streams@^1.0.8": "1.0.9",
    "npm:@codemirror/autocomplete@*": "6.18.6",
    "npm:@codemirror/autocomplete@6": "6.18.6",
    "npm:@codemirror/lang-javascript@*": "6.2.3",
    "npm:@codemirror/lang-javascript@6": "6.2.3",
    "npm:@easrng/codemirror-ts@*": "0.0.1_@codemirror+autocomplete@6.18.6_@codemirror+lint@6.8.4_@codemirror+state@6.5.2_@codemirror+view@6.36.3",
    "npm:@typescript/vfs@1": "1.6.1_typescript@5.7.3",
    "npm:@valtown/codemirror-ts@*": "2.3.1_@codemirror+autocomplete@6.18.6_@codemirror+lint@6.8.4_@codemirror+state@6.5.2_@codemirror+view@6.36.3",
    "npm:codemirror@6": "6.0.1",
    "npm:typescript@5.7": "5.7.3"
  },
  "jsr": {
    "@luca/flag@1.0.1": {
      "integrity": "dce7eb4159b1bdb1606fe05c2e5388dcff5ae3b0b84184b934bc623143742408"
    },
    "@std/bytes@1.0.4": {
      "integrity": "11a0debe522707c95c7b7ef89b478c13fb1583a7cfb9a85674cd2cc2e3a28abc"
    },
    "@std/bytes@1.0.5": {
      "integrity": "4465dd739d7963d964c809202ebea6d5c6b8e3829ef25c6a224290fbb8a1021e"
    },
    "@std/cbor@0.1.6": {
      "integrity": "3fb6e082f4eb44fc0c8d042999471264d398e6abb96c791c4e41614f9f52df44",
      "dependencies": [
        "jsr:@std/bytes@^1.0.4",
        "jsr:@std/streams@^1.0.8"
      ]
    },
    "@std/encoding@1.0.7": {
      "integrity": "f631247c1698fef289f2de9e2a33d571e46133b38d042905e3eac3715030a82d"
    },
    "@std/streams@1.0.9": {
      "integrity": "a9d26b1988cdd7aa7b1f4b51e1c36c1557f3f252880fa6cc5b9f37078b1a5035",
      "dependencies": [
        "jsr:@std/bytes@^1.0.5"
      ]
    }
  },
  "npm": {
    "@codemirror/autocomplete@6.18.6": {
      "integrity": "sha512-PHHBXFomUs5DF+9tCOM/UoW6XQ4R44lLNNhRaW9PKPTU0D7lIjRg3ElxaJnTwsl/oHiR93WSXDBrekhoUGCPtg==",
      "dependencies": [
        "@codemirror/language",
        "@codemirror/state",
        "@codemirror/view",
        "@lezer/common"
      ]
    },
    "@codemirror/commands@6.8.0": {
      "integrity": "sha512-q8VPEFaEP4ikSlt6ZxjB3zW72+7osfAYW9i8Zu943uqbKuz6utc1+F170hyLUCUltXORjQXRyYQNfkckzA/bPQ==",
      "dependencies": [
        "@codemirror/language",
        "@codemirror/state",
        "@codemirror/view",
        "@lezer/common"
      ]
    },
    "@codemirror/lang-javascript@6.2.3": {
      "integrity": "sha512-8PR3vIWg7pSu7ur8A07pGiYHgy3hHj+mRYRCSG8q+mPIrl0F02rgpGv+DsQTHRTc30rydOsf5PZ7yjKFg2Ackw==",
      "dependencies": [
        "@codemirror/autocomplete",
        "@codemirror/language",
        "@codemirror/lint",
        "@codemirror/state",
        "@codemirror/view",
        "@lezer/common",
        "@lezer/javascript"
      ]
    },
    "@codemirror/language@6.10.8": {
      "integrity": "sha512-wcP8XPPhDH2vTqf181U8MbZnW+tDyPYy0UzVOa+oHORjyT+mhhom9vBd7dApJwoDz9Nb/a8kHjJIsuA/t8vNFw==",
      "dependencies": [
        "@codemirror/state",
        "@codemirror/view",
        "@lezer/common",
        "@lezer/highlight",
        "@lezer/lr",
        "style-mod"
      ]
    },
    "@codemirror/lint@6.8.4": {
      "integrity": "sha512-u4q7PnZlJUojeRe8FJa/njJcMctISGgPQ4PnWsd9268R4ZTtU+tfFYmwkBvgcrK2+QQ8tYFVALVb5fVJykKc5A==",
      "dependencies": [
        "@codemirror/state",
        "@codemirror/view",
        "crelt"
      ]
    },
    "@codemirror/search@6.5.10": {
      "integrity": "sha512-RMdPdmsrUf53pb2VwflKGHEe1XVM07hI7vV2ntgw1dmqhimpatSJKva4VA9h4TLUDOD4EIF02201oZurpnEFsg==",
      "dependencies": [
        "@codemirror/state",
        "@codemirror/view",
        "crelt"
      ]
    },
    "@codemirror/state@6.5.2": {
      "integrity": "sha512-FVqsPqtPWKVVL3dPSxy8wEF/ymIEuVzF1PK3VbUgrxXpJUSHQWWZz4JMToquRxnkw+36LTamCZG2iua2Ptq0fA==",
      "dependencies": [
        "@marijn/find-cluster-break"
      ]
    },
    "@codemirror/view@6.36.3": {
      "integrity": "sha512-N2bilM47QWC8Hnx0rMdDxO2x2ImJ1FvZWXubwKgjeoOrWwEiFrtpA7SFHcuZ+o2Ze2VzbkgbzWVj4+V18LVkeg==",
      "dependencies": [
        "@codemirror/state",
        "style-mod",
        "w3c-keyname"
      ]
    },
    "@easrng/codemirror-ts@0.0.1_@codemirror+autocomplete@6.18.6_@codemirror+lint@6.8.4_@codemirror+state@6.5.2_@codemirror+view@6.36.3": {
      "integrity": "sha512-pT1hTkj6/WSY8RpiCvdgqfUFg53Ue5Tupe5jZqJ/CtrOpQrKHa/o6F4DUuS5TvxpqmLpCcopTYeAOZNdErzhBw==",
      "dependencies": [
        "@codemirror/autocomplete",
        "@codemirror/language",
        "@codemirror/lint",
        "@codemirror/state",
        "@codemirror/view"
      ]
    },
    "@lezer/common@1.2.3": {
      "integrity": "sha512-w7ojc8ejBqr2REPsWxJjrMFsA/ysDCFICn8zEOR9mrqzOu2amhITYuLD8ag6XZf0CFXDrhKqw7+tW8cX66NaDA=="
    },
    "@lezer/highlight@1.2.1": {
      "integrity": "sha512-Z5duk4RN/3zuVO7Jq0pGLJ3qynpxUVsh7IbUbGj88+uV2ApSAn6kWg2au3iJb+0Zi7kKtqffIESgNcRXWZWmSA==",
      "dependencies": [
        "@lezer/common"
      ]
    },
    "@lezer/javascript@1.4.21": {
      "integrity": "sha512-lL+1fcuxWYPURMM/oFZLEDm0XuLN128QPV+VuGtKpeaOGdcl9F2LYC3nh1S9LkPqx9M0mndZFdXCipNAZpzIkQ==",
      "dependencies": [
        "@lezer/common",
        "@lezer/highlight",
        "@lezer/lr"
      ]
    },
    "@lezer/lr@1.4.2": {
      "integrity": "sha512-pu0K1jCIdnQ12aWNaAVU5bzi7Bd1w54J3ECgANPmYLtQKP0HBj2cE/5coBD66MT10xbtIuUr7tg0Shbsvk0mDA==",
      "dependencies": [
        "@lezer/common"
      ]
    },
    "@marijn/find-cluster-break@1.0.2": {
      "integrity": "sha512-l0h88YhZFyKdXIFNfSWpyjStDjGHwZ/U7iobcK1cQQD8sejsONdQtTVU+1wVN1PBw40PiiHB1vA5S7VTfQiP9g=="
    },
    "@typescript/vfs@1.6.1_typescript@5.7.3": {
      "integrity": "sha512-JwoxboBh7Oz1v38tPbkrZ62ZXNHAk9bJ7c9x0eI5zBfBnBYGhURdbnh7Z4smN/MV48Y5OCcZb58n972UtbazsA==",
      "dependencies": [
        "debug",
        "typescript"
      ]
    },
    "@valtown/codemirror-ts@2.3.1_@codemirror+autocomplete@6.18.6_@codemirror+lint@6.8.4_@codemirror+state@6.5.2_@codemirror+view@6.36.3": {
      "integrity": "sha512-v5XiI4WA+bUy0XDgkrqZksqBWgIUeyLZuC94Px/rhXBph8ASmVXaimlGDtt0vH/9t8aDdIZYdr59r9H3oKMFOg==",
      "dependencies": [
        "@codemirror/autocomplete",
        "@codemirror/lint",
        "@codemirror/state",
        "@codemirror/view"
      ]
    },
    "codemirror@6.0.1": {
      "integrity": "sha512-J8j+nZ+CdWmIeFIGXEFbFPtpiYacFMDR8GlHK3IyHQJMCaVRfGx9NT+Hxivv1ckLWPvNdZqndbr/7lVhrf/Svg==",
      "dependencies": [
        "@codemirror/autocomplete",
        "@codemirror/commands",
        "@codemirror/language",
        "@codemirror/lint",
        "@codemirror/search",
        "@codemirror/state",
        "@codemirror/view"
      ]
    },
    "crelt@1.0.6": {
      "integrity": "sha512-VQ2MBenTq1fWZUH9DJNGti7kKv6EeAuYr3cLwxUWhIu1baTaXh4Ib5W2CqHVqib4/MqbYGJqiL3Zb8GJZr3l4g=="
    },
    "debug@4.4.0": {
      "integrity": "sha512-6WTZ/IxCY/T6BALoZHaE4ctp9xm+Z5kY/pzYaCHRFeyVhojxlrm+46y68HA6hr0TcwEssoxNiDEUJQjfPZ/RYA==",
      "dependencies": [
        "ms"
      ]
    },
    "ms@2.1.3": {
      "integrity": "sha512-6FlzubTLZG3J2a/NVCAleEhjzq5oxgHyaCU9yYXvcLsvoVaHJq/s5xXI6/XXP6tz7R9xAOtHnSO/tXtF3WRTlA=="
    },
    "style-mod@4.1.2": {
      "integrity": "sha512-wnD1HyVqpJUI2+eKZ+eo1UwghftP6yuFheBqqe+bWCotBjC2K1YnteJILRMs3SM4V/0dLEW1SC27MWP5y+mwmw=="
    },
    "typescript@5.7.3": {
      "integrity": "sha512-84MVSjMEHP+FQRPy3pX9sTVV/INIex71s9TL2Gm5FG/WG1SqXeKyZ0k7/blY/4FdOzI12CBy1vGc4og/eus0fw=="
    },
    "w3c-keyname@2.2.8": {
      "integrity": "sha512-dpojBhNsCNN7T82Tm7k26A6G9ML3NkhDsnw9n/eoxSRlVBB4CEtIQ/KTCLI2Fwf3ataSXRhYFkQi3SlnFwPvPQ=="
    }
  }
}
